# This file is autogenerated, do not edit; changes may be undone by the next 'dep ensure'.


[[projects]]
  digest = "1:618764ef43473ef8285b12cb20df4cfedef3ace18bcab287576df8cb09677839"
  name = "github.com/fearful-symmetry/gomsr"
  packages = ["."]
  pruneopts = ""
  revision = "be352f4f0713931b4735174c2e7c8c685dee97bd"
  version = "v0.0.1"

[[projects]]
  digest = "1:d36d6775f326fc565c19d655e00ace216e1d9a7f5aeb7e5f399132a1f624ae35"
  name = "github.com/google/go-tpm"
  packages = [
    "tpm2",
    "tpmutil",
    "tpmutil/tbs",
  ]
  pruneopts = ""
  revision = "ed7874b59abd5749750978becf34e4b094126de2"
  version = "v0.1.1"

[[projects]]
  digest = "1:e26f97664fe650ee3d6fda4b9dcbb71d68ebd31730b8403663a19507fccfe2b3"
  name = "github.com/intel-go/cpuid"
  packages = ["."]
  pruneopts = ""
  revision = "1a4a6f06a1c643c8fbd339bd61d980960627d09e"

[[projects]]
  digest = "1:07df882152f6f086fcdca2498535c53d524ee7b2034a5e9e91a15de8f74eebba"
  name = "github.com/u-root/u-root"
  packages = ["pkg/ubinary"]
  pruneopts = ""
  revision = "8b001e68c2bf8d45ccfe2818f324acbea9321c5b"
  version = "v4.0.0"

[[projects]]
  branch = "master"
  digest = "1:5c6b8395efd72ad4250b7747e2b1a0683c3edb7b0346a938ff45240c7ec53691"
  name = "golang.org/x/net"
  packages = [
    "idna",
    "publicsuffix",
  ]
  pruneopts = ""
  revision = "3b0461eec859c4b73bb64fdc8285971fd33e3938"

[[projects]]
  digest = "1:740b51a55815493a8d0f2b1e0d0ae48fe48953bf7eaf3fcc4198823bf67768c0"
  name = "golang.org/x/text"
  packages = [
    "collate",
    "collate/build",
    "internal/colltab",
    "internal/gen",
    "internal/language",
    "internal/language/compact",
    "internal/tag",
    "internal/triegen",
    "internal/ucd",
    "language",
    "secure/bidirule",
    "transform",
    "unicode/bidi",
    "unicode/cldr",
    "unicode/norm",
    "unicode/rangetable",
  ]
  pruneopts = ""
  revision = "342b2e1fbaa52c93f31447ad2c6abc048c63e475"
  version = "v0.3.2"

[[projects]]
  digest = "1:218d6d3952eb109dd9001ef0249e2e5f7881e5b06b5700a072f9649dc6df2778"
  name = "gopkg.in/resty.v1"
  packages = ["."]
  pruneopts = ""
  revision = "fa5875c0caa5c260ab78acec5a244215a730247f"
  version = "v1.12.0"

[solve-meta]
  analyzer-name = "dep"
  analyzer-version = 1
  input-imports = [
    "github.com/fearful-symmetry/gomsr",
    "github.com/google/go-tpm/tpm2",
    "github.com/intel-go/cpuid",
    "github.com/u-root/u-root/pkg/ubinary",
    "gopkg.in/resty.v1",
  ]
  solver-name = "gps-cdcl"
  solver-version = 1
