# This file is autogenerated, do not edit; changes may be undone by the next 'dep ensure'.


[[projects]]
  digest = "1:d36d6775f326fc565c19d655e00ace216e1d9a7f5aeb7e5f399132a1f624ae35"
  name = "github.com/9elements/go-tpm"
  packages = [
    "tpm",
    "tpm2",
  ]
  pruneopts = ""
  revision = "ed7874b59abd5749750978becf34e4b094126de2"
  version = "v0.1.1"

[[projects]]
  digest = "1:618764ef43473ef8285b12cb20df4cfedef3ace18bcab287576df8cb09677839"
  name = "github.com/fearful-symmetry/gomsr"
  packages = ["."]
  pruneopts = ""
  revision = "be352f4f0713931b4735174c2e7c8c685dee97bd"
  version = "v0.0.1"

[[projects]]
  branch = "master"
  digest = "1:179c59535dcfbc698fcfcb8a35f08485b44f4adec1637522f9474f29782c2e21"
  name = "github.com/google/go-tpm"
  packages = [
    "tpm2",
    "tpmutil",
    "tpmutil/tbs",
  ]
  pruneopts = ""
  revision = "9236db42457f8260f712ee48aae85bbf45b64d4a"
  source = "github.com/9elements/go-tpm"

[[projects]]
  digest = "1:e26f97664fe650ee3d6fda4b9dcbb71d68ebd31730b8403663a19507fccfe2b3"
  name = "github.com/intel-go/cpuid"
  packages = ["."]
  pruneopts = ""
  revision = "1a4a6f06a1c643c8fbd339bd61d980960627d09e"

[[projects]]
  digest = "1:7b43eccd14e0c1b304a63ce06197934af9f696f89eb2f60834150160317b0651"
  name = "github.com/logrusorgru/aurora"
  packages = ["."]
  pruneopts = ""
  revision = "21d75270181e0436fee7bd58b991c212cf309068"
  version = "v2.0"

[[projects]]
  digest = "1:d9035f1a767137be526beb2956930c8e0395231719f441cdb27a1a29949849ea"
  name = "github.com/u-root/u-root"
  packages = ["pkg/ubinary"]
  pruneopts = ""
  revision = "9b13d3a77a1436b6f58eb2e0638067f5b04ef1e9"
  version = "v5.0.0"

[[projects]]
  branch = "master"
  digest = "1:955694a7c42527d7fb188505a22f10b3e158c6c2cf31fe64b1e62c9ab7b18401"
  name = "golang.org/x/net"
  packages = [
    "idna",
    "publicsuffix",
  ]
  pruneopts = ""
  revision = "ca1201d0de80cfde86cb01aea620983605dfe99b"

[[projects]]
  digest = "1:740b51a55815493a8d0f2b1e0d0ae48fe48953bf7eaf3fcc4198823bf67768c0"
  name = "golang.org/x/text"
  packages = [
    "collate",
    "collate/build",
    "internal/colltab",
    "internal/gen",
    "internal/language",
    "internal/language/compact",
    "internal/tag",
    "internal/triegen",
    "internal/ucd",
    "language",
    "secure/bidirule",
    "transform",
    "unicode/bidi",
    "unicode/cldr",
    "unicode/norm",
    "unicode/rangetable",
  ]
  pruneopts = ""
  revision = "342b2e1fbaa52c93f31447ad2c6abc048c63e475"
  version = "v0.3.2"

[[projects]]
  digest = "1:218d6d3952eb109dd9001ef0249e2e5f7881e5b06b5700a072f9649dc6df2778"
  name = "gopkg.in/resty.v1"
  packages = ["."]
  pruneopts = ""
  revision = "fa5875c0caa5c260ab78acec5a244215a730247f"
  version = "v1.12.0"

[solve-meta]
  analyzer-name = "dep"
  analyzer-version = 1
  input-imports = [
    "github.com/9elements/go-tpm/tpm",
    "github.com/9elements/go-tpm/tpm2",
    "github.com/fearful-symmetry/gomsr",
    "github.com/google/go-tpm/tpm2",
    "github.com/intel-go/cpuid",
    "github.com/logrusorgru/aurora",
    "github.com/u-root/u-root/pkg/ubinary",
    "gopkg.in/resty.v1",
  ]
  solver-name = "gps-cdcl"
  solver-version = 1
