# This file is autogenerated, do not edit; changes may be undone by the next 'dep ensure'.


[[projects]]
  name = "github.com/fearful-symmetry/gomsr"
  packages = ["."]
  revision = "be352f4f0713931b4735174c2e7c8c685dee97bd"
  version = "v0.0.1"

[[projects]]
  branch = "master"
  name = "github.com/google/go-tpm"
  packages = [
    "tpm",
    "tpm2",
    "tpmutil",
    "tpmutil/tbs"
  ]
  revision = "9236db42457f8260f712ee48aae85bbf45b64d4a"
  source = "github.com/9elements/go-tpm"

[[projects]]
  name = "github.com/intel-go/cpuid"
  packages = ["."]
  revision = "1a4a6f06a1c643c8fbd339bd61d980960627d09e"

[[projects]]
  name = "github.com/logrusorgru/aurora"
  packages = ["."]
  revision = "21d75270181e0436fee7bd58b991c212cf309068"
  version = "v2.0"

[[projects]]
  name = "github.com/u-root/u-root"
  packages = ["pkg/ubinary"]
  revision = "8b001e68c2bf8d45ccfe2818f324acbea9321c5b"
  version = "v4.0.0"

[[projects]]
  branch = "master"
  name = "golang.org/x/net"
  packages = [
    "idna",
    "publicsuffix"
  ]
  revision = "3b0461eec859c4b73bb64fdc8285971fd33e3938"

[[projects]]
  name = "golang.org/x/text"
  packages = [
    "collate",
    "collate/build",
    "internal/colltab",
    "internal/gen",
    "internal/language",
    "internal/language/compact",
    "internal/tag",
    "internal/triegen",
    "internal/ucd",
    "language",
    "secure/bidirule",
    "transform",
    "unicode/bidi",
    "unicode/cldr",
    "unicode/norm",
    "unicode/rangetable"
  ]
  revision = "342b2e1fbaa52c93f31447ad2c6abc048c63e475"
  version = "v0.3.2"

[[projects]]
  name = "gopkg.in/resty.v1"
  packages = ["."]
  revision = "fa5875c0caa5c260ab78acec5a244215a730247f"
  version = "v1.12.0"

[solve-meta]
  analyzer-name = "dep"
  analyzer-version = 1
  inputs-digest = "509fd527e48aa9f25115e250dab2e24e37d42e1a949ead0060a956d85a42c7a9"
  solver-name = "gps-cdcl"
  solver-version = 1
